
Microsoft Visual Studio Solution File, Format Version 12.00
# Visual Studio Version 16
VisualStudioVersion = 16.0.29926.136
MinimumVisualStudioVersion = 10.0.40219.1
Project("{FAE04EC0-301F-11D3-BF4B-00C04F79EFBC}") = "MyDemo.WebUI", "MyDemo.WebUI\MyDemo.WebUI.csproj", "{50BE37FB-4CFC-4D8C-AF8E-2C7C54F5A9F2}"
EndProject
Project("{FAE04EC0-301F-11D3-BF4B-00C04F79EFBC}") = "MyDemo.MVC", "MyDemo.MVC\MyDemo.MVC.csproj", "{84168F7E-31A9-4769-8720-37BD71A1D29E}"
EndProject
Project("{FAE04EC0-301F-11D3-BF4B-00C04F79EFBC}") = "MyDemo.SSO", "MyDemo.SSO\MyDemo.SSO.csproj", "{57D558C3-BFC6-4DB5-A0D2-884F7EBBF0E8}"
EndProject
Global
	GlobalSection(SolutionConfigurationPlatforms) = preSolution
		Debug|Any CPU = Debug|Any CPU
		Release|Any CPU = Release|Any CPU
	EndGlobalSection
	GlobalSection(ProjectConfigurationPlatforms) = postSolution
		{50BE37FB-4CFC-4D8C-AF8E-2C7C54F5A9F2}.Debug|Any CPU.ActiveCfg = Debug|Any CPU
		{50BE37FB-4CFC-4D8C-AF8E-2C7C54F5A9F2}.Debug|Any CPU.Build.0 = Debug|Any CPU
		{50BE37FB-4CFC-4D8C-AF8E-2C7C54F5A9F2}.Release|Any CPU.ActiveCfg = Release|Any CPU
		{50BE37FB-4CFC-4D8C-AF8E-2C7C54F5A9F2}.Release|Any CPU.Build.0 = Release|Any CPU
		{84168F7E-31A9-4769-8720-37BD71A1D29E}.Debug|Any CPU.ActiveCfg = Debug|Any CPU
		{84168F7E-31A9-4769-8720-37BD71A1D29E}.Debug|Any CPU.Build.0 = Debug|Any CPU
		{84168F7E-31A9-4769-8720-37BD71A1D29E}.Release|Any CPU.ActiveCfg = Release|Any CPU
		{84168F7E-31A9-4769-8720-37BD71A1D29E}.Release|Any CPU.Build.0 = Release|Any CPU
		{57D558C3-BFC6-4DB5-A0D2-884F7EBBF0E8}.Debug|Any CPU.ActiveCfg = Debug|Any CPU
		{57D558C3-BFC6-4DB5-A0D2-884F7EBBF0E8}.Debug|Any CPU.Build.0 = Debug|Any CPU
		{57D558C3-BFC6-4DB5-A0D2-884F7EBBF0E8}.Release|Any CPU.ActiveCfg = Release|Any CPU
		{57D558C3-BFC6-4DB5-A0D2-884F7EBBF0E8}.Release|Any CPU.Build.0 = Release|Any CPU
	EndGlobalSection
	GlobalSection(SolutionProperties) = preSolution
		HideSolutionNode = FALSE
	EndGlobalSection
	GlobalSection(ExtensibilityGlobals) = postSolution
		SolutionGuid = {2012EA36-4454-4F3F-8B1E-5E798705E431}
	EndGlobalSection
EndGlobal
